
Microsoft Visual Studio Solution File, Format Version 12.00
# Visual Studio Version 16
VisualStudioVersion = 16.0.30002.166
MinimumVisualStudioVersion = 10.0.40219.1
Project("{FAE04EC0-301F-11D3-BF4B-00C04F79EFBC}") = "FranchiseManagement", "FranchiseManagement.csproj", "{7DBA7BD3-B684-4740-B41B-AFD037B2C8A2}"
EndProject
Global
	GlobalSection(SolutionConfigurationPlatforms) = preSolution
		Debug|Any CPU = Debug|Any CPU
		Release|Any CPU = Release|Any CPU
	EndGlobalSection
	GlobalSection(ProjectConfigurationPlatforms) = postSolution
		{7DBA7BD3-B684-4740-B41B-AFD037B2C8A2}.Debug|Any CPU.ActiveCfg = Debug|Any CPU
		{7DBA7BD3-B684-4740-B41B-AFD037B2C8A2}.Debug|Any CPU.Build.0 = Debug|Any CPU
		{7DBA7BD3-B684-4740-B41B-AFD037B2C8A2}.Release|Any CPU.ActiveCfg = Release|Any CPU
		{7DBA7BD3-B684-4740-B41B-AFD037B2C8A2}.Release|Any CPU.Build.0 = Release|Any CPU
	EndGlobalSection
	GlobalSection(SolutionProperties) = preSolution
		HideSolutionNode = FALSE
	EndGlobalSection
	GlobalSection(ExtensibilityGlobals) = postSolution
		SolutionGuid = {4AFC7D3F-957D-4B76-862F-139E6ADB56C5}
	EndGlobalSection
EndGlobal
